
Microsoft Visual Studio Solution File, Format Version 12.00
# Visual Studio Version 17
VisualStudioVersion = 17.10.35013.160
MinimumVisualStudioVersion = 10.0.40219.1
Project("{FAE04EC0-301F-11D3-BF4B-00C04F79EFBC}") = "ERP_APP", "ERP_APP\ERP_APP.csproj", "{F17F0D50-94BB-4D61-BB02-83DAC89498CE}"
EndProject
Global
	GlobalSection(SolutionConfigurationPlatforms) = preSolution
		Debug|Any CPU = Debug|Any CPU
		Release|Any CPU = Release|Any CPU
	EndGlobalSection
	GlobalSection(ProjectConfigurationPlatforms) = postSolution
		{F17F0D50-94BB-4D61-BB02-83DAC89498CE}.Debug|Any CPU.ActiveCfg = Debug|Any CPU
		{F17F0D50-94BB-4D61-BB02-83DAC89498CE}.Debug|Any CPU.Build.0 = Debug|Any CPU
		{F17F0D50-94BB-4D61-BB02-83DAC89498CE}.Debug|Any CPU.Deploy.0 = Debug|Any CPU
		{F17F0D50-94BB-4D61-BB02-83DAC89498CE}.Release|Any CPU.ActiveCfg = Release|Any CPU
		{F17F0D50-94BB-4D61-BB02-83DAC89498CE}.Release|Any CPU.Build.0 = Release|Any CPU
		{F17F0D50-94BB-4D61-BB02-83DAC89498CE}.Release|Any CPU.Deploy.0 = Release|Any CPU
	EndGlobalSection
	GlobalSection(SolutionProperties) = preSolution
		HideSolutionNode = FALSE
	EndGlobalSection
	GlobalSection(ExtensibilityGlobals) = postSolution
		SolutionGuid = {5FCAACC3-A3A2-451A-94C6-84BC059DAEF0}
	EndGlobalSection
EndGlobal
